
Microsoft Visual Studio Solution File, Format Version 12.00
# Visual Studio Version 17
VisualStudioVersion = 17.2.32630.192
MinimumVisualStudioVersion = 10.0.40219.1
Project("{9A19103F-16F7-4668-BE54-9A1E7A4F7556}") = "BlazorApp1.Server", "BlazorApp1\Server\BlazorApp1.Server.csproj", "{1BF0F01B-70B6-4348-B9D6-CA65634FB510}"
EndProject
Project("{9A19103F-16F7-4668-BE54-9A1E7A4F7556}") = "BlazorApp1.Client", "BlazorApp1\Client\BlazorApp1.Client.csproj", "{75B976E4-6FFC-4DA6-AA86-90F6AD176ED0}"
EndProject
Project("{9A19103F-16F7-4668-BE54-9A1E7A4F7556}") = "BlazorApp1.Shared", "BlazorApp1\Shared\BlazorApp1.Shared.csproj", "{BD9991E3-032D-4877-82C5-D925CB8C4467}"
EndProject
Global
	GlobalSection(SolutionConfigurationPlatforms) = preSolution
		Debug|Any CPU = Debug|Any CPU
		Release|Any CPU = Release|Any CPU
	EndGlobalSection
	GlobalSection(ProjectConfigurationPlatforms) = postSolution
		{1BF0F01B-70B6-4348-B9D6-CA65634FB510}.Debug|Any CPU.ActiveCfg = Debug|Any CPU
		{1BF0F01B-70B6-4348-B9D6-CA65634FB510}.Debug|Any CPU.Build.0 = Debug|Any CPU
		{1BF0F01B-70B6-4348-B9D6-CA65634FB510}.Release|Any CPU.ActiveCfg = Release|Any CPU
		{1BF0F01B-70B6-4348-B9D6-CA65634FB510}.Release|Any CPU.Build.0 = Release|Any CPU
		{75B976E4-6FFC-4DA6-AA86-90F6AD176ED0}.Debug|Any CPU.ActiveCfg = Debug|Any CPU
		{75B976E4-6FFC-4DA6-AA86-90F6AD176ED0}.Debug|Any CPU.Build.0 = Debug|Any CPU
		{75B976E4-6FFC-4DA6-AA86-90F6AD176ED0}.Release|Any CPU.ActiveCfg = Release|Any CPU
		{75B976E4-6FFC-4DA6-AA86-90F6AD176ED0}.Release|Any CPU.Build.0 = Release|Any CPU
		{BD9991E3-032D-4877-82C5-D925CB8C4467}.Debug|Any CPU.ActiveCfg = Debug|Any CPU
		{BD9991E3-032D-4877-82C5-D925CB8C4467}.Debug|Any CPU.Build.0 = Debug|Any CPU
		{BD9991E3-032D-4877-82C5-D925CB8C4467}.Release|Any CPU.ActiveCfg = Release|Any CPU
		{BD9991E3-032D-4877-82C5-D925CB8C4467}.Release|Any CPU.Build.0 = Release|Any CPU
	EndGlobalSection
	GlobalSection(SolutionProperties) = preSolution
		HideSolutionNode = FALSE
	EndGlobalSection
	GlobalSection(ExtensibilityGlobals) = postSolution
		SolutionGuid = {68F5E89A-126A-44F1-9B98-99A548F27546}
	EndGlobalSection
EndGlobal
